version: v0.168.0
dependencies:
- name: blockscout-stack
  repository: https://blockscout.github.io/helm-charts
  version: 1.6.8
- name: blockscout-stack
  repository: https://blockscout.github.io/helm-charts
  version: 1.6.8
- name: node
  repository: git+https://github.com/mangata-finance/helm-charts@charts?ref=node-v2.3.0
  version: 2.3.0
- name: node
  repository: git+https://github.com/mangata-finance/helm-charts@charts?ref=node-v2.3.0
  version: 2.3.0
- name: node
  repository: git+https://github.com/mangata-finance/helm-charts@charts?ref=node-v2.3.0
  version: 2.3.0
- name: node
  repository: git+https://github.com/mangata-finance/helm-charts@charts?ref=node-v2.3.0
  version: 2.3.0
digest: sha256:29ca864190891e5e095b31408be0eed219e9edcc98819a33a667d92ab48628f6
generated: "2024-11-19T17:31:01.305133Z"
